
Microsoft Visual Studio Solution File, Format Version 12.00
# Visual Studio 2013
VisualStudioVersion = 12.0.30501.0
MinimumVisualStudioVersion = 10.0.40219.1
Project("{FAE04EC0-301F-11D3-BF4B-00C04F79EFBC}") = "Office365InXamarinApps.iOS", "Office365InXamarinApps\Office365InXamarinApps.iOS\Office365InXamarinApps.iOS.csproj", "{E43BDE53-4683-47C0-A591-C27C26CB63FE}"
EndProject
Project("{FAE04EC0-301F-11D3-BF4B-00C04F79EFBC}") = "Office365InXamarinApps.Android", "Office365InXamarinApps\Office365InXamarinApps.Android\Office365InXamarinApps.Android.csproj", "{EA70F17E-49D0-41FC-AF9D-F6290D805FD8}"
EndProject
Project("{D954291E-2A0B-460D-934E-DC6B0785DB48}") = "Office365InXamarinApps", "Office365InXamarinApps\Office365InXamarinApps\Office365InXamarinApps.shproj", "{344EEDF9-3C77-401D-952D-52B5379448DD}"
EndProject
Global
	GlobalSection(SharedMSBuildProjectFiles) = preSolution
		Office365InXamarinApps\Office365InXamarinApps\Office365InXamarinApps.projitems*{ea70f17e-49d0-41fc-af9d-f6290d805fd8}*SharedItemsImports = 4
		Office365InXamarinApps\Office365InXamarinApps\Office365InXamarinApps.projitems*{344eedf9-3c77-401d-952d-52b5379448dd}*SharedItemsImports = 13
		Office365InXamarinApps\Office365InXamarinApps\Office365InXamarinApps.projitems*{e43bde53-4683-47c0-a591-c27c26cb63fe}*SharedItemsImports = 4
	EndGlobalSection
	GlobalSection(SolutionConfigurationPlatforms) = preSolution
		Ad-Hoc|Any CPU = Ad-Hoc|Any CPU
		Ad-Hoc|ARM = Ad-Hoc|ARM
		Ad-Hoc|iPhone = Ad-Hoc|iPhone
		Ad-Hoc|iPhoneSimulator = Ad-Hoc|iPhoneSimulator
		Ad-Hoc|Mixed Platforms = Ad-Hoc|Mixed Platforms
		Ad-Hoc|x64 = Ad-Hoc|x64
		Ad-Hoc|x86 = Ad-Hoc|x86
		AppStore|Any CPU = AppStore|Any CPU
		AppStore|ARM = AppStore|ARM
		AppStore|iPhone = AppStore|iPhone
		AppStore|iPhoneSimulator = AppStore|iPhoneSimulator
		AppStore|Mixed Platforms = AppStore|Mixed Platforms
		AppStore|x64 = AppStore|x64
		AppStore|x86 = AppStore|x86
		Debug|Any CPU = Debug|Any CPU
		Debug|ARM = Debug|ARM
		Debug|iPhone = Debug|iPhone
		Debug|iPhoneSimulator = Debug|iPhoneSimulator
		Debug|Mixed Platforms = Debug|Mixed Platforms
		Debug|x64 = Debug|x64
		Debug|x86 = Debug|x86
		Release|Any CPU = Release|Any CPU
		Release|ARM = Release|ARM
		Release|iPhone = Release|iPhone
		Release|iPhoneSimulator = Release|iPhoneSimulator
		Release|Mixed Platforms = Release|Mixed Platforms
		Release|x64 = Release|x64
		Release|x86 = Release|x86
	EndGlobalSection
	GlobalSection(ProjectConfigurationPlatforms) = postSolution
		{E43BDE53-4683-47C0-A591-C27C26CB63FE}.Ad-Hoc|Any CPU.ActiveCfg = Ad-Hoc|iPhone
		{E43BDE53-4683-47C0-A591-C27C26CB63FE}.Ad-Hoc|ARM.ActiveCfg = Ad-Hoc|iPhone
		{E43BDE53-4683-47C0-A591-C27C26CB63FE}.Ad-Hoc|iPhone.ActiveCfg = Ad-Hoc|iPhone
		{E43BDE53-4683-47C0-A591-C27C26CB63FE}.Ad-Hoc|iPhone.Build.0 = Ad-Hoc|iPhone
		{E43BDE53-4683-47C0-A591-C27C26CB63FE}.Ad-Hoc|iPhone.Deploy.0 = Ad-Hoc|iPhone
		{E43BDE53-4683-47C0-A591-C27C26CB63FE}.Ad-Hoc|iPhoneSimulator.ActiveCfg = Ad-Hoc|iPhoneSimulator
		{E43BDE53-4683-47C0-A591-C27C26CB63FE}.Ad-Hoc|iPhoneSimulator.Build.0 = Ad-Hoc|iPhoneSimulator
		{E43BDE53-4683-47C0-A591-C27C26CB63FE}.Ad-Hoc|iPhoneSimulator.Deploy.0 = Ad-Hoc|iPhoneSimulator
		{E43BDE53-4683-47C0-A591-C27C26CB63FE}.Ad-Hoc|Mixed Platforms.ActiveCfg = Ad-Hoc|iPhone
		{E43BDE53-4683-47C0-A591-C27C26CB63FE}.Ad-Hoc|Mixed Platforms.Build.0 = Ad-Hoc|iPhone
		{E43BDE53-4683-47C0-A591-C27C26CB63FE}.Ad-Hoc|Mixed Platforms.Deploy.0 = Ad-Hoc|iPhone
		{E43BDE53-4683-47C0-A591-C27C26CB63FE}.Ad-Hoc|x64.ActiveCfg = Ad-Hoc|iPhoneSimulator
		{E43BDE53-4683-47C0-A591-C27C26CB63FE}.Ad-Hoc|x86.ActiveCfg = Ad-Hoc|iPhone
		{E43BDE53-4683-47C0-A591-C27C26CB63FE}.AppStore|Any CPU.ActiveCfg = AppStore|iPhone
		{E43BDE53-4683-47C0-A591-C27C26CB63FE}.AppStore|ARM.ActiveCfg = AppStore|iPhone
		{E43BDE53-4683-47C0-A591-C27C26CB63FE}.AppStore|iPhone.ActiveCfg = AppStore|iPhone
		{E43BDE53-4683-47C0-A591-C27C26CB63FE}.AppStore|iPhone.Build.0 = AppStore|iPhone
		{E43BDE53-4683-47C0-A591-C27C26CB63FE}.AppStore|iPhone.Deploy.0 = AppStore|iPhone
		{E43BDE53-4683-47C0-A591-C27C26CB63FE}.AppStore|iPhoneSimulator.ActiveCfg = AppStore|iPhoneSimulator
		{E43BDE53-4683-47C0-A591-C27C26CB63FE}.AppStore|iPhoneSimulator.Build.0 = AppStore|iPhoneSimulator
		{E43BDE53-4683-47C0-A591-C27C26CB63FE}.AppStore|iPhoneSimulator.Deploy.0 = AppStore|iPhoneSimulator
		{E43BDE53-4683-47C0-A591-C27C26CB63FE}.AppStore|Mixed Platforms.ActiveCfg = AppStore|iPhone
		{E43BDE53-4683-47C0-A591-C27C26CB63FE}.AppStore|Mixed Platforms.Build.0 = AppStore|iPhone
		{E43BDE53-4683-47C0-A591-C27C26CB63FE}.AppStore|Mixed Platforms.Deploy.0 = AppStore|iPhone
		{E43BDE53-4683-47C0-A591-C27C26CB63FE}.AppStore|x64.ActiveCfg = AppStore|iPhoneSimulator
		{E43BDE53-4683-47C0-A591-C27C26CB63FE}.AppStore|x86.ActiveCfg = AppStore|iPhone
		{E43BDE53-4683-47C0-A591-C27C26CB63FE}.Debug|Any CPU.ActiveCfg = Debug|iPhone
		{E43BDE53-4683-47C0-A591-C27C26CB63FE}.Debug|ARM.ActiveCfg = Debug|iPhone
		{E43BDE53-4683-47C0-A591-C27C26CB63FE}.Debug|iPhone.ActiveCfg = Debug|iPhone
		{E43BDE53-4683-47C0-A591-C27C26CB63FE}.Debug|iPhone.Build.0 = Debug|iPhone
		{E43BDE53-4683-47C0-A591-C27C26CB63FE}.Debug|iPhone.Deploy.0 = Debug|iPhone
		{E43BDE53-4683-47C0-A591-C27C26CB63FE}.Debug|iPhoneSimulator.ActiveCfg = Debug|iPhoneSimulator
		{E43BDE53-4683-47C0-A591-C27C26CB63FE}.Debug|iPhoneSimulator.Build.0 = Debug|iPhoneSimulator
		{E43BDE53-4683-47C0-A591-C27C26CB63FE}.Debug|iPhoneSimulator.Deploy.0 = Debug|iPhoneSimulator
		{E43BDE53-4683-47C0-A591-C27C26CB63FE}.Debug|Mixed Platforms.ActiveCfg = Debug|iPhone
		{E43BDE53-4683-47C0-A591-C27C26CB63FE}.Debug|Mixed Platforms.Build.0 = Debug|iPhone
		{E43BDE53-4683-47C0-A591-C27C26CB63FE}.Debug|Mixed Platforms.Deploy.0 = Debug|iPhone
		{E43BDE53-4683-47C0-A591-C27C26CB63FE}.Debug|x64.ActiveCfg = Debug|iPhoneSimulator
		{E43BDE53-4683-47C0-A591-C27C26CB63FE}.Debug|x86.ActiveCfg = Debug|iPhone
		{E43BDE53-4683-47C0-A591-C27C26CB63FE}.Release|Any CPU.ActiveCfg = Release|iPhone
		{E43BDE53-4683-47C0-A591-C27C26CB63FE}.Release|ARM.ActiveCfg = Release|iPhone
		{E43BDE53-4683-47C0-A591-C27C26CB63FE}.Release|iPhone.ActiveCfg = Release|iPhone
		{E43BDE53-4683-47C0-A591-C27C26CB63FE}.Release|iPhone.Build.0 = Release|iPhone
		{E43BDE53-4683-47C0-A591-C27C26CB63FE}.Release|iPhone.Deploy.0 = Release|iPhone
		{E43BDE53-4683-47C0-A591-C27C26CB63FE}.Release|iPhoneSimulator.ActiveCfg = Release|iPhoneSimulator
		{E43BDE53-4683-47C0-A591-C27C26CB63FE}.Release|iPhoneSimulator.Build.0 = Release|iPhoneSimulator
		{E43BDE53-4683-47C0-A591-C27C26CB63FE}.Release|iPhoneSimulator.Deploy.0 = Release|iPhoneSimulator
		{E43BDE53-4683-47C0-A591-C27C26CB63FE}.Release|Mixed Platforms.ActiveCfg = Release|iPhone
		{E43BDE53-4683-47C0-A591-C27C26CB63FE}.Release|Mixed Platforms.Build.0 = Release|iPhone
		{E43BDE53-4683-47C0-A591-C27C26CB63FE}.Release|Mixed Platforms.Deploy.0 = Release|iPhone
		{E43BDE53-4683-47C0-A591-C27C26CB63FE}.Release|x64.ActiveCfg = Release|iPhoneSimulator
		{E43BDE53-4683-47C0-A591-C27C26CB63FE}.Release|x86.ActiveCfg = Release|iPhone
		{EA70F17E-49D0-41FC-AF9D-F6290D805FD8}.Ad-Hoc|Any CPU.ActiveCfg = Release|Any CPU
		{EA70F17E-49D0-41FC-AF9D-F6290D805FD8}.Ad-Hoc|Any CPU.Build.0 = Release|Any CPU
		{EA70F17E-49D0-41FC-AF9D-F6290D805FD8}.Ad-Hoc|Any CPU.Deploy.0 = Release|Any CPU
		{EA70F17E-49D0-41FC-AF9D-F6290D805FD8}.Ad-Hoc|ARM.ActiveCfg = Release|Any CPU
		{EA70F17E-49D0-41FC-AF9D-F6290D805FD8}.Ad-Hoc|iPhone.ActiveCfg = Release|Any CPU
		{EA70F17E-49D0-41FC-AF9D-F6290D805FD8}.Ad-Hoc|iPhoneSimulator.ActiveCfg = Release|Any CPU
		{EA70F17E-49D0-41FC-AF9D-F6290D805FD8}.Ad-Hoc|Mixed Platforms.ActiveCfg = Release|Any CPU
		{EA70F17E-49D0-41FC-AF9D-F6290D805FD8}.Ad-Hoc|Mixed Platforms.Build.0 = Release|Any CPU
		{EA70F17E-49D0-41FC-AF9D-F6290D805FD8}.Ad-Hoc|Mixed Platforms.Deploy.0 = Release|Any CPU
		{EA70F17E-49D0-41FC-AF9D-F6290D805FD8}.Ad-Hoc|x64.ActiveCfg = Debug|Any CPU
		{EA70F17E-49D0-41FC-AF9D-F6290D805FD8}.Ad-Hoc|x86.ActiveCfg = Release|Any CPU
		{EA70F17E-49D0-41FC-AF9D-F6290D805FD8}.AppStore|Any CPU.ActiveCfg = Release|Any CPU
		{EA70F17E-49D0-41FC-AF9D-F6290D805FD8}.AppStore|Any CPU.Build.0 = Release|Any CPU
		{EA70F17E-49D0-41FC-AF9D-F6290D805FD8}.AppStore|Any CPU.Deploy.0 = Release|Any CPU
		{EA70F17E-49D0-41FC-AF9D-F6290D805FD8}.AppStore|ARM.ActiveCfg = Release|Any CPU
		{EA70F17E-49D0-41FC-AF9D-F6290D805FD8}.AppStore|iPhone.ActiveCfg = Release|Any CPU
		{EA70F17E-49D0-41FC-AF9D-F6290D805FD8}.AppStore|iPhoneSimulator.ActiveCfg = Release|Any CPU
		{EA70F17E-49D0-41FC-AF9D-F6290D805FD8}.AppStore|Mixed Platforms.ActiveCfg = Release|Any CPU
		{EA70F17E-49D0-41FC-AF9D-F6290D805FD8}.AppStore|Mixed Platforms.Build.0 = Release|Any CPU
		{EA70F17E-49D0-41FC-AF9D-F6290D805FD8}.AppStore|Mixed Platforms.Deploy.0 = Release|Any CPU
		{EA70F17E-49D0-41FC-AF9D-F6290D805FD8}.AppStore|x64.ActiveCfg = Debug|Any CPU
		{EA70F17E-49D0-41FC-AF9D-F6290D805FD8}.AppStore|x86.ActiveCfg = Release|Any CPU
		{EA70F17E-49D0-41FC-AF9D-F6290D805FD8}.Debug|Any CPU.ActiveCfg = Debug|Any CPU
		{EA70F17E-49D0-41FC-AF9D-F6290D805FD8}.Debug|Any CPU.Build.0 = Debug|Any CPU
		{EA70F17E-49D0-41FC-AF9D-F6290D805FD8}.Debug|Any CPU.Deploy.0 = Debug|Any CPU
		{EA70F17E-49D0-41FC-AF9D-F6290D805FD8}.Debug|ARM.ActiveCfg = Debug|Any CPU
		{EA70F17E-49D0-41FC-AF9D-F6290D805FD8}.Debug|iPhone.ActiveCfg = Debug|Any CPU
		{EA70F17E-49D0-41FC-AF9D-F6290D805FD8}.Debug|iPhoneSimulator.ActiveCfg = Debug|Any CPU
		{EA70F17E-49D0-41FC-AF9D-F6290D805FD8}.Debug|Mixed Platforms.ActiveCfg = Debug|Any CPU
		{EA70F17E-49D0-41FC-AF9D-F6290D805FD8}.Debug|Mixed Platforms.Build.0 = Debug|Any CPU
		{EA70F17E-49D0-41FC-AF9D-F6290D805FD8}.Debug|Mixed Platforms.Deploy.0 = Debug|Any CPU
		{EA70F17E-49D0-41FC-AF9D-F6290D805FD8}.Debug|x64.ActiveCfg = Debug|Any CPU
		{EA70F17E-49D0-41FC-AF9D-F6290D805FD8}.Debug|x86.ActiveCfg = Debug|Any CPU
		{EA70F17E-49D0-41FC-AF9D-F6290D805FD8}.Release|Any CPU.ActiveCfg = Release|Any CPU
		{EA70F17E-49D0-41FC-AF9D-F6290D805FD8}.Release|Any CPU.Build.0 = Release|Any CPU
		{EA70F17E-49D0-41FC-AF9D-F6290D805FD8}.Release|Any CPU.Deploy.0 = Release|Any CPU
		{EA70F17E-49D0-41FC-AF9D-F6290D805FD8}.Release|ARM.ActiveCfg = Release|Any CPU
		{EA70F17E-49D0-41FC-AF9D-F6290D805FD8}.Release|iPhone.ActiveCfg = Release|Any CPU
		{EA70F17E-49D0-41FC-AF9D-F6290D805FD8}.Release|iPhoneSimulator.ActiveCfg = Release|Any CPU
		{EA70F17E-49D0-41FC-AF9D-F6290D805FD8}.Release|Mixed Platforms.ActiveCfg = Release|Any CPU
		{EA70F17E-49D0-41FC-AF9D-F6290D805FD8}.Release|Mixed Platforms.Build.0 = Release|Any CPU
		{EA70F17E-49D0-41FC-AF9D-F6290D805FD8}.Release|Mixed Platforms.Deploy.0 = Release|Any CPU
		{EA70F17E-49D0-41FC-AF9D-F6290D805FD8}.Release|x64.ActiveCfg = Release|Any CPU
		{EA70F17E-49D0-41FC-AF9D-F6290D805FD8}.Release|x86.ActiveCfg = Release|Any CPU
	EndGlobalSection
	GlobalSection(SolutionProperties) = preSolution
		HideSolutionNode = FALSE
	EndGlobalSection
EndGlobal
